
Microsoft Visual Studio Solution File, Format Version 12.00
# Visual Studio Version 17
VisualStudioVersion = 17.0.31912.275
MinimumVisualStudioVersion = 10.0.40219.1
Project("{FAE04EC0-301F-11D3-BF4B-00C04F79EFBC}") = "Inoxie.Tools.RedisCache", "Inoxie.Tools.RedisCache\Inoxie.Tools.RedisCache.csproj", "{75B34757-451E-4B31-9427-B649A86C362F}"
EndProject
Project("{2150E333-8FDC-42A3-9474-1A3956D46DE8}") = "RedisCache", "RedisCache", "{DF79CB7C-C70A-4C62-8F48-D650B414B8FB}"
EndProject
Project("{FAE04EC0-301F-11D3-BF4B-00C04F79EFBC}") = "Inoxie.Tools.RedisCache.Abstractions", "Inoxie.Tools.RedisCache.Abstractions\Inoxie.Tools.RedisCache.Abstractions.csproj", "{C2EEE27C-EF34-425B-9D45-B6CB7893E6A2}"
EndProject
Global
	GlobalSection(SolutionConfigurationPlatforms) = preSolution
		Debug|Any CPU = Debug|Any CPU
		Release|Any CPU = Release|Any CPU
	EndGlobalSection
	GlobalSection(ProjectConfigurationPlatforms) = postSolution
		{75B34757-451E-4B31-9427-B649A86C362F}.Debug|Any CPU.ActiveCfg = Debug|Any CPU
		{75B34757-451E-4B31-9427-B649A86C362F}.Debug|Any CPU.Build.0 = Debug|Any CPU
		{75B34757-451E-4B31-9427-B649A86C362F}.Release|Any CPU.ActiveCfg = Release|Any CPU
		{75B34757-451E-4B31-9427-B649A86C362F}.Release|Any CPU.Build.0 = Release|Any CPU
		{C2EEE27C-EF34-425B-9D45-B6CB7893E6A2}.Debug|Any CPU.ActiveCfg = Debug|Any CPU
		{C2EEE27C-EF34-425B-9D45-B6CB7893E6A2}.Debug|Any CPU.Build.0 = Debug|Any CPU
		{C2EEE27C-EF34-425B-9D45-B6CB7893E6A2}.Release|Any CPU.ActiveCfg = Release|Any CPU
		{C2EEE27C-EF34-425B-9D45-B6CB7893E6A2}.Release|Any CPU.Build.0 = Release|Any CPU
	EndGlobalSection
	GlobalSection(SolutionProperties) = preSolution
		HideSolutionNode = FALSE
	EndGlobalSection
	GlobalSection(NestedProjects) = preSolution
		{75B34757-451E-4B31-9427-B649A86C362F} = {DF79CB7C-C70A-4C62-8F48-D650B414B8FB}
		{C2EEE27C-EF34-425B-9D45-B6CB7893E6A2} = {DF79CB7C-C70A-4C62-8F48-D650B414B8FB}
	EndGlobalSection
	GlobalSection(ExtensibilityGlobals) = postSolution
		SolutionGuid = {167565B1-25DA-4F02-BB59-C90CFF9903BC}
	EndGlobalSection
EndGlobal
