
Microsoft Visual Studio Solution File, Format Version 12.00
# Visual Studio Version 17
VisualStudioVersion = 17.0.31912.275
MinimumVisualStudioVersion = 10.0.40219.1
Project("{9A19103F-16F7-4668-BE54-9A1E7A4F7556}") = "Inoxie.Tools.RedisCache", "Inoxie.Tools.RedisCache\Inoxie.Tools.RedisCache.csproj", "{75B34757-451E-4B31-9427-B649A86C362F}"
EndProject
Project("{2150E333-8FDC-42A3-9474-1A3956D46DE8}") = "RedisCache", "RedisCache", "{DF79CB7C-C70A-4C62-8F48-D650B414B8FB}"
EndProject
Project("{9A19103F-16F7-4668-BE54-9A1E7A4F7556}") = "Inoxie.Tools.RedisCache.Abstractions", "Inoxie.Tools.RedisCache.Abstractions\Inoxie.Tools.RedisCache.Abstractions.csproj", "{C2EEE27C-EF34-425B-9D45-B6CB7893E6A2}"
EndProject
Project("{2150E333-8FDC-42A3-9474-1A3956D46DE8}") = "Repository", "Repository", "{C1468408-B6FC-4E23-854A-BBF453E4814F}"
EndProject
Project("{9A19103F-16F7-4668-BE54-9A1E7A4F7556}") = "Inoxie.Tools.Core.Repository", "Inoxie.Tools.Core.Repository\Inoxie.Tools.Core.Repository.csproj", "{3B8EEF2D-16DE-42CF-96E3-0CA0C4EDA63D}"
EndProject
Project("{9A19103F-16F7-4668-BE54-9A1E7A4F7556}") = "Inoxie.Tools.Core.Repository.Abstractions", "Inoxie.Tools.Core.Repository.Abstractions\Inoxie.Tools.Core.Repository.Abstractions.csproj", "{256F68E6-BD3E-4CEC-8DAC-DA6E77C2F17A}"
EndProject
Project("{2150E333-8FDC-42A3-9474-1A3956D46DE8}") = "KeyWarehouse", "KeyWarehouse", "{B6AC7261-0D8A-46DC-B7E4-E259EB23CD56}"
EndProject
Project("{9A19103F-16F7-4668-BE54-9A1E7A4F7556}") = "Inoxie.Tools.KeyWarehouse.Client", "Inoxie.Tools.KeyWarehouse.Client\Inoxie.Tools.KeyWarehouse.Client.csproj", "{45B1D483-90C6-4F5A-A394-66BEE2D5C24A}"
EndProject
Project("{2150E333-8FDC-42A3-9474-1A3956D46DE8}") = "DataProcessor", "DataProcessor", "{FC14BF8F-EF3E-49F1-A803-B15E9A64215C}"
EndProject
Project("{9A19103F-16F7-4668-BE54-9A1E7A4F7556}") = "Inoxie.Tools.DataProcessor", "Inoxie.Tools.DataProcessor\Inoxie.Tools.DataProcessor.csproj", "{88905603-4AC4-469F-AC89-8EDDA50F4068}"
EndProject
Project("{9A19103F-16F7-4668-BE54-9A1E7A4F7556}") = "Inoxie.Tools.DataProcessor.Abstractions", "Inoxie.Tools.DataProcessor.Abstractions\Inoxie.Tools.DataProcessor.Abstractions.csproj", "{722CB320-09C4-4646-ABEE-0ED6BBCD613E}"
EndProject
Project("{2150E333-8FDC-42A3-9474-1A3956D46DE8}") = "ApiServices", "ApiServices", "{8B72BE44-0D54-4197-B613-E2BCFF5DE858}"
EndProject
Project("{9A19103F-16F7-4668-BE54-9A1E7A4F7556}") = "Inoxie.Tools.ApiServices", "Inoxie.Tools.ApiServices\Inoxie.Tools.ApiServices.csproj", "{EA2334B5-188D-4AC9-B58C-C32B423865F8}"
EndProject
Project("{9A19103F-16F7-4668-BE54-9A1E7A4F7556}") = "Inoxie.Tools.ApiServices.Abstractions", "Inoxie.Tools.ApiServices.Abstractions\Inoxie.Tools.ApiServices.Abstractions.csproj", "{983A130A-1AED-4037-A7FC-D64512B766F4}"
EndProject
Project("{2150E333-8FDC-42A3-9474-1A3956D46DE8}") = "Examples", "Examples", "{D7B46D4C-E61A-49CB-8ED0-41AE667B75C1}"
EndProject
Project("{9A19103F-16F7-4668-BE54-9A1E7A4F7556}") = "Inoxie.Tools.Example.Api", "Inoxie.Tools.Example.Api\Inoxie.Tools.Example.Api.csproj", "{44221C45-A81F-4EF2-8934-F4EE61D55DF9}"
EndProject
Project("{2150E333-8FDC-42A3-9474-1A3956D46DE8}") = "Exceptions", "Exceptions", "{D41DFD62-B3CD-4EE3-945C-1533654A9AF0}"
EndProject
Project("{9A19103F-16F7-4668-BE54-9A1E7A4F7556}") = "Inoxie.Tools.Exceptions", "Inoxie.Tools.Exceptions\Inoxie.Tools.Exceptions.csproj", "{968DE617-6C78-4ADA-ADD1-2E5C1578141F}"
EndProject
Project("{2150E333-8FDC-42A3-9474-1A3956D46DE8}") = "Tools", "Tools", "{F7004323-13D9-438D-8421-BDFA4A03F3B7}"
EndProject
Project("{9A19103F-16F7-4668-BE54-9A1E7A4F7556}") = "Inoxie.Tools.Core.Repository.GuidId", "Inoxie.Tools.Core.Repository.GuidId\Inoxie.Tools.Core.Repository.GuidId.csproj", "{D780F575-3D2D-4FB0-93D4-5C85D76611D5}"
EndProject
Project("{9A19103F-16F7-4668-BE54-9A1E7A4F7556}") = "Inoxie.Tools.Core.Repository.GuidId.Abstractions", "Inoxie.Tools.Core.Repository.GuidId.Abstractions\Inoxie.Tools.Core.Repository.GuidId.Abstractions.csproj", "{ECCF6FFA-1DC9-4606-A144-DA8BD03AA224}"
EndProject
Project("{9A19103F-16F7-4668-BE54-9A1E7A4F7556}") = "Inoxie.Tools.ApiServices.GuidId.Abstractions", "Inoxie.Tools.ApiServices.GuidId.Abstractions\Inoxie.Tools.ApiServices.GuidId.Abstractions.csproj", "{3AEE061F-04E9-4912-9CAE-80529B516B25}"
EndProject
Project("{9A19103F-16F7-4668-BE54-9A1E7A4F7556}") = "Inoxie.Tools.ApiServices.GuidId", "Inoxie.Tools.ApiServices.GuidId\Inoxie.Tools.ApiServices.GuidId.csproj", "{6A8D157F-B4D2-49F8-98B7-3033F8A4B573}"
EndProject
Project("{9A19103F-16F7-4668-BE54-9A1E7A4F7556}") = "Inoxie.Tools.Core.Repository.StringId", "Inoxie.Tools.Core.Repository.StringId\Inoxie.Tools.Core.Repository.StringId.csproj", "{90396184-A861-42A0-9A14-39E5ED0FE64A}"
EndProject
Project("{9A19103F-16F7-4668-BE54-9A1E7A4F7556}") = "Inoxie.Tools.Core.Repository.StringId.Abstractions", "Inoxie.Tools.Core.Repository.StringId.Abstractions\Inoxie.Tools.Core.Repository.StringId.Abstractions.csproj", "{D60D63A5-7BFA-413C-8743-DAFA23F12530}"
EndProject
Project("{9A19103F-16F7-4668-BE54-9A1E7A4F7556}") = "Inoxie.Tools.ApiServices.StringId", "Inoxie.Tools.ApiServices.StringId\Inoxie.Tools.ApiServices.StringId.csproj", "{213A0576-81FC-4183-8F3A-FC174F5A7483}"
EndProject
Project("{9A19103F-16F7-4668-BE54-9A1E7A4F7556}") = "Inoxie.Tools.ApiServices.StringId.Abstractions", "Inoxie.Tools.ApiServices.StringId.Abstractions\Inoxie.Tools.ApiServices.StringId.Abstractions.csproj", "{22D27FE8-A277-44F9-822D-DE052527260D}"
EndProject
Project("{9A19103F-16F7-4668-BE54-9A1E7A4F7556}") = "Inoxie.Tools.Core.Repository.LongId.Abstractions", "Inoxie.Tools.Core.Repository.LongId.Abstractions\Inoxie.Tools.Core.Repository.LongId.Abstractions.csproj", "{BA436BB5-961E-482A-AA4B-F3593564486A}"
EndProject
Project("{9A19103F-16F7-4668-BE54-9A1E7A4F7556}") = "Inoxie.Tools.Core.Repository.LongId", "Inoxie.Tools.Core.Repository.LongId\Inoxie.Tools.Core.Repository.LongId.csproj", "{D2524D88-C132-4024-B38A-0CF82755B6AC}"
EndProject
Project("{9A19103F-16F7-4668-BE54-9A1E7A4F7556}") = "Inoxie.Tools.ApiServices.LongId.Abstractions", "Inoxie.Tools.ApiServices.LongId.Abstractions\Inoxie.Tools.ApiServices.LongId.Abstractions.csproj", "{25299F4A-0A93-4182-AE0B-55F21320D1F6}"
EndProject
Project("{9A19103F-16F7-4668-BE54-9A1E7A4F7556}") = "Inoxie.Tools.ApiServices.LongId", "Inoxie.Tools.ApiServices.LongId\Inoxie.Tools.ApiServices.LongId.csproj", "{A1AAFEF5-0452-4A48-B259-F9F33D98135B}"
EndProject
Project("{2150E333-8FDC-42A3-9474-1A3956D46DE8}") = "Identity", "Identity", "{88DE2250-D6FB-467A-AEEC-04091C9905BD}"
EndProject
Project("{2150E333-8FDC-42A3-9474-1A3956D46DE8}") = "Identity", "Identity", "{1AF22412-C466-4329-B65D-62CAC993D1FD}"
EndProject
Global
	GlobalSection(SolutionConfigurationPlatforms) = preSolution
		Debug|Any CPU = Debug|Any CPU
		Release|Any CPU = Release|Any CPU
	EndGlobalSection
	GlobalSection(ProjectConfigurationPlatforms) = postSolution
		{75B34757-451E-4B31-9427-B649A86C362F}.Debug|Any CPU.ActiveCfg = Debug|Any CPU
		{75B34757-451E-4B31-9427-B649A86C362F}.Debug|Any CPU.Build.0 = Debug|Any CPU
		{75B34757-451E-4B31-9427-B649A86C362F}.Release|Any CPU.ActiveCfg = Release|Any CPU
		{75B34757-451E-4B31-9427-B649A86C362F}.Release|Any CPU.Build.0 = Release|Any CPU
		{C2EEE27C-EF34-425B-9D45-B6CB7893E6A2}.Debug|Any CPU.ActiveCfg = Debug|Any CPU
		{C2EEE27C-EF34-425B-9D45-B6CB7893E6A2}.Debug|Any CPU.Build.0 = Debug|Any CPU
		{C2EEE27C-EF34-425B-9D45-B6CB7893E6A2}.Release|Any CPU.ActiveCfg = Release|Any CPU
		{C2EEE27C-EF34-425B-9D45-B6CB7893E6A2}.Release|Any CPU.Build.0 = Release|Any CPU
		{3B8EEF2D-16DE-42CF-96E3-0CA0C4EDA63D}.Debug|Any CPU.ActiveCfg = Debug|Any CPU
		{3B8EEF2D-16DE-42CF-96E3-0CA0C4EDA63D}.Debug|Any CPU.Build.0 = Debug|Any CPU
		{3B8EEF2D-16DE-42CF-96E3-0CA0C4EDA63D}.Release|Any CPU.ActiveCfg = Release|Any CPU
		{3B8EEF2D-16DE-42CF-96E3-0CA0C4EDA63D}.Release|Any CPU.Build.0 = Release|Any CPU
		{256F68E6-BD3E-4CEC-8DAC-DA6E77C2F17A}.Debug|Any CPU.ActiveCfg = Debug|Any CPU
		{256F68E6-BD3E-4CEC-8DAC-DA6E77C2F17A}.Debug|Any CPU.Build.0 = Debug|Any CPU
		{256F68E6-BD3E-4CEC-8DAC-DA6E77C2F17A}.Release|Any CPU.ActiveCfg = Release|Any CPU
		{256F68E6-BD3E-4CEC-8DAC-DA6E77C2F17A}.Release|Any CPU.Build.0 = Release|Any CPU
		{45B1D483-90C6-4F5A-A394-66BEE2D5C24A}.Debug|Any CPU.ActiveCfg = Debug|Any CPU
		{45B1D483-90C6-4F5A-A394-66BEE2D5C24A}.Debug|Any CPU.Build.0 = Debug|Any CPU
		{45B1D483-90C6-4F5A-A394-66BEE2D5C24A}.Release|Any CPU.ActiveCfg = Release|Any CPU
		{45B1D483-90C6-4F5A-A394-66BEE2D5C24A}.Release|Any CPU.Build.0 = Release|Any CPU
		{88905603-4AC4-469F-AC89-8EDDA50F4068}.Debug|Any CPU.ActiveCfg = Debug|Any CPU
		{88905603-4AC4-469F-AC89-8EDDA50F4068}.Debug|Any CPU.Build.0 = Debug|Any CPU
		{88905603-4AC4-469F-AC89-8EDDA50F4068}.Release|Any CPU.ActiveCfg = Release|Any CPU
		{88905603-4AC4-469F-AC89-8EDDA50F4068}.Release|Any CPU.Build.0 = Release|Any CPU
		{722CB320-09C4-4646-ABEE-0ED6BBCD613E}.Debug|Any CPU.ActiveCfg = Debug|Any CPU
		{722CB320-09C4-4646-ABEE-0ED6BBCD613E}.Debug|Any CPU.Build.0 = Debug|Any CPU
		{722CB320-09C4-4646-ABEE-0ED6BBCD613E}.Release|Any CPU.ActiveCfg = Release|Any CPU
		{722CB320-09C4-4646-ABEE-0ED6BBCD613E}.Release|Any CPU.Build.0 = Release|Any CPU
		{EA2334B5-188D-4AC9-B58C-C32B423865F8}.Debug|Any CPU.ActiveCfg = Debug|Any CPU
		{EA2334B5-188D-4AC9-B58C-C32B423865F8}.Debug|Any CPU.Build.0 = Debug|Any CPU
		{EA2334B5-188D-4AC9-B58C-C32B423865F8}.Release|Any CPU.ActiveCfg = Release|Any CPU
		{EA2334B5-188D-4AC9-B58C-C32B423865F8}.Release|Any CPU.Build.0 = Release|Any CPU
		{983A130A-1AED-4037-A7FC-D64512B766F4}.Debug|Any CPU.ActiveCfg = Debug|Any CPU
		{983A130A-1AED-4037-A7FC-D64512B766F4}.Debug|Any CPU.Build.0 = Debug|Any CPU
		{983A130A-1AED-4037-A7FC-D64512B766F4}.Release|Any CPU.ActiveCfg = Release|Any CPU
		{983A130A-1AED-4037-A7FC-D64512B766F4}.Release|Any CPU.Build.0 = Release|Any CPU
		{44221C45-A81F-4EF2-8934-F4EE61D55DF9}.Debug|Any CPU.ActiveCfg = Debug|Any CPU
		{44221C45-A81F-4EF2-8934-F4EE61D55DF9}.Debug|Any CPU.Build.0 = Debug|Any CPU
		{44221C45-A81F-4EF2-8934-F4EE61D55DF9}.Release|Any CPU.ActiveCfg = Release|Any CPU
		{44221C45-A81F-4EF2-8934-F4EE61D55DF9}.Release|Any CPU.Build.0 = Release|Any CPU
		{968DE617-6C78-4ADA-ADD1-2E5C1578141F}.Debug|Any CPU.ActiveCfg = Debug|Any CPU
		{968DE617-6C78-4ADA-ADD1-2E5C1578141F}.Debug|Any CPU.Build.0 = Debug|Any CPU
		{968DE617-6C78-4ADA-ADD1-2E5C1578141F}.Release|Any CPU.ActiveCfg = Release|Any CPU
		{968DE617-6C78-4ADA-ADD1-2E5C1578141F}.Release|Any CPU.Build.0 = Release|Any CPU
		{D780F575-3D2D-4FB0-93D4-5C85D76611D5}.Debug|Any CPU.ActiveCfg = Debug|Any CPU
		{D780F575-3D2D-4FB0-93D4-5C85D76611D5}.Debug|Any CPU.Build.0 = Debug|Any CPU
		{D780F575-3D2D-4FB0-93D4-5C85D76611D5}.Release|Any CPU.ActiveCfg = Release|Any CPU
		{D780F575-3D2D-4FB0-93D4-5C85D76611D5}.Release|Any CPU.Build.0 = Release|Any CPU
		{ECCF6FFA-1DC9-4606-A144-DA8BD03AA224}.Debug|Any CPU.ActiveCfg = Debug|Any CPU
		{ECCF6FFA-1DC9-4606-A144-DA8BD03AA224}.Debug|Any CPU.Build.0 = Debug|Any CPU
		{ECCF6FFA-1DC9-4606-A144-DA8BD03AA224}.Release|Any CPU.ActiveCfg = Release|Any CPU
		{ECCF6FFA-1DC9-4606-A144-DA8BD03AA224}.Release|Any CPU.Build.0 = Release|Any CPU
		{3AEE061F-04E9-4912-9CAE-80529B516B25}.Debug|Any CPU.ActiveCfg = Debug|Any CPU
		{3AEE061F-04E9-4912-9CAE-80529B516B25}.Debug|Any CPU.Build.0 = Debug|Any CPU
		{3AEE061F-04E9-4912-9CAE-80529B516B25}.Release|Any CPU.ActiveCfg = Release|Any CPU
		{3AEE061F-04E9-4912-9CAE-80529B516B25}.Release|Any CPU.Build.0 = Release|Any CPU
		{6A8D157F-B4D2-49F8-98B7-3033F8A4B573}.Debug|Any CPU.ActiveCfg = Debug|Any CPU
		{6A8D157F-B4D2-49F8-98B7-3033F8A4B573}.Debug|Any CPU.Build.0 = Debug|Any CPU
		{6A8D157F-B4D2-49F8-98B7-3033F8A4B573}.Release|Any CPU.ActiveCfg = Release|Any CPU
		{6A8D157F-B4D2-49F8-98B7-3033F8A4B573}.Release|Any CPU.Build.0 = Release|Any CPU
		{90396184-A861-42A0-9A14-39E5ED0FE64A}.Debug|Any CPU.ActiveCfg = Debug|Any CPU
		{90396184-A861-42A0-9A14-39E5ED0FE64A}.Debug|Any CPU.Build.0 = Debug|Any CPU
		{90396184-A861-42A0-9A14-39E5ED0FE64A}.Release|Any CPU.ActiveCfg = Release|Any CPU
		{90396184-A861-42A0-9A14-39E5ED0FE64A}.Release|Any CPU.Build.0 = Release|Any CPU
		{D60D63A5-7BFA-413C-8743-DAFA23F12530}.Debug|Any CPU.ActiveCfg = Debug|Any CPU
		{D60D63A5-7BFA-413C-8743-DAFA23F12530}.Debug|Any CPU.Build.0 = Debug|Any CPU
		{D60D63A5-7BFA-413C-8743-DAFA23F12530}.Release|Any CPU.ActiveCfg = Release|Any CPU
		{D60D63A5-7BFA-413C-8743-DAFA23F12530}.Release|Any CPU.Build.0 = Release|Any CPU
		{213A0576-81FC-4183-8F3A-FC174F5A7483}.Debug|Any CPU.ActiveCfg = Debug|Any CPU
		{213A0576-81FC-4183-8F3A-FC174F5A7483}.Debug|Any CPU.Build.0 = Debug|Any CPU
		{213A0576-81FC-4183-8F3A-FC174F5A7483}.Release|Any CPU.ActiveCfg = Release|Any CPU
		{213A0576-81FC-4183-8F3A-FC174F5A7483}.Release|Any CPU.Build.0 = Release|Any CPU
		{22D27FE8-A277-44F9-822D-DE052527260D}.Debug|Any CPU.ActiveCfg = Debug|Any CPU
		{22D27FE8-A277-44F9-822D-DE052527260D}.Debug|Any CPU.Build.0 = Debug|Any CPU
		{22D27FE8-A277-44F9-822D-DE052527260D}.Release|Any CPU.ActiveCfg = Release|Any CPU
		{22D27FE8-A277-44F9-822D-DE052527260D}.Release|Any CPU.Build.0 = Release|Any CPU
		{BA436BB5-961E-482A-AA4B-F3593564486A}.Debug|Any CPU.ActiveCfg = Debug|Any CPU
		{BA436BB5-961E-482A-AA4B-F3593564486A}.Debug|Any CPU.Build.0 = Debug|Any CPU
		{BA436BB5-961E-482A-AA4B-F3593564486A}.Release|Any CPU.ActiveCfg = Release|Any CPU
		{BA436BB5-961E-482A-AA4B-F3593564486A}.Release|Any CPU.Build.0 = Release|Any CPU
		{D2524D88-C132-4024-B38A-0CF82755B6AC}.Debug|Any CPU.ActiveCfg = Debug|Any CPU
		{D2524D88-C132-4024-B38A-0CF82755B6AC}.Debug|Any CPU.Build.0 = Debug|Any CPU
		{D2524D88-C132-4024-B38A-0CF82755B6AC}.Release|Any CPU.ActiveCfg = Release|Any CPU
		{D2524D88-C132-4024-B38A-0CF82755B6AC}.Release|Any CPU.Build.0 = Release|Any CPU
		{25299F4A-0A93-4182-AE0B-55F21320D1F6}.Debug|Any CPU.ActiveCfg = Debug|Any CPU
		{25299F4A-0A93-4182-AE0B-55F21320D1F6}.Debug|Any CPU.Build.0 = Debug|Any CPU
		{25299F4A-0A93-4182-AE0B-55F21320D1F6}.Release|Any CPU.ActiveCfg = Release|Any CPU
		{25299F4A-0A93-4182-AE0B-55F21320D1F6}.Release|Any CPU.Build.0 = Release|Any CPU
		{A1AAFEF5-0452-4A48-B259-F9F33D98135B}.Debug|Any CPU.ActiveCfg = Debug|Any CPU
		{A1AAFEF5-0452-4A48-B259-F9F33D98135B}.Debug|Any CPU.Build.0 = Debug|Any CPU
		{A1AAFEF5-0452-4A48-B259-F9F33D98135B}.Release|Any CPU.ActiveCfg = Release|Any CPU
		{A1AAFEF5-0452-4A48-B259-F9F33D98135B}.Release|Any CPU.Build.0 = Release|Any CPU
	EndGlobalSection
	GlobalSection(SolutionProperties) = preSolution
		HideSolutionNode = FALSE
	EndGlobalSection
	GlobalSection(NestedProjects) = preSolution
		{75B34757-451E-4B31-9427-B649A86C362F} = {DF79CB7C-C70A-4C62-8F48-D650B414B8FB}
		{DF79CB7C-C70A-4C62-8F48-D650B414B8FB} = {F7004323-13D9-438D-8421-BDFA4A03F3B7}
		{C2EEE27C-EF34-425B-9D45-B6CB7893E6A2} = {DF79CB7C-C70A-4C62-8F48-D650B414B8FB}
		{C1468408-B6FC-4E23-854A-BBF453E4814F} = {F7004323-13D9-438D-8421-BDFA4A03F3B7}
		{3B8EEF2D-16DE-42CF-96E3-0CA0C4EDA63D} = {C1468408-B6FC-4E23-854A-BBF453E4814F}
		{256F68E6-BD3E-4CEC-8DAC-DA6E77C2F17A} = {C1468408-B6FC-4E23-854A-BBF453E4814F}
		{B6AC7261-0D8A-46DC-B7E4-E259EB23CD56} = {F7004323-13D9-438D-8421-BDFA4A03F3B7}
		{45B1D483-90C6-4F5A-A394-66BEE2D5C24A} = {B6AC7261-0D8A-46DC-B7E4-E259EB23CD56}
		{FC14BF8F-EF3E-49F1-A803-B15E9A64215C} = {F7004323-13D9-438D-8421-BDFA4A03F3B7}
		{88905603-4AC4-469F-AC89-8EDDA50F4068} = {FC14BF8F-EF3E-49F1-A803-B15E9A64215C}
		{722CB320-09C4-4646-ABEE-0ED6BBCD613E} = {FC14BF8F-EF3E-49F1-A803-B15E9A64215C}
		{8B72BE44-0D54-4197-B613-E2BCFF5DE858} = {F7004323-13D9-438D-8421-BDFA4A03F3B7}
		{EA2334B5-188D-4AC9-B58C-C32B423865F8} = {8B72BE44-0D54-4197-B613-E2BCFF5DE858}
		{983A130A-1AED-4037-A7FC-D64512B766F4} = {8B72BE44-0D54-4197-B613-E2BCFF5DE858}
		{44221C45-A81F-4EF2-8934-F4EE61D55DF9} = {D7B46D4C-E61A-49CB-8ED0-41AE667B75C1}
		{D41DFD62-B3CD-4EE3-945C-1533654A9AF0} = {F7004323-13D9-438D-8421-BDFA4A03F3B7}
		{968DE617-6C78-4ADA-ADD1-2E5C1578141F} = {D41DFD62-B3CD-4EE3-945C-1533654A9AF0}
		{D780F575-3D2D-4FB0-93D4-5C85D76611D5} = {1AF22412-C466-4329-B65D-62CAC993D1FD}
		{ECCF6FFA-1DC9-4606-A144-DA8BD03AA224} = {1AF22412-C466-4329-B65D-62CAC993D1FD}
		{3AEE061F-04E9-4912-9CAE-80529B516B25} = {88DE2250-D6FB-467A-AEEC-04091C9905BD}
		{6A8D157F-B4D2-49F8-98B7-3033F8A4B573} = {88DE2250-D6FB-467A-AEEC-04091C9905BD}
		{90396184-A861-42A0-9A14-39E5ED0FE64A} = {1AF22412-C466-4329-B65D-62CAC993D1FD}
		{D60D63A5-7BFA-413C-8743-DAFA23F12530} = {1AF22412-C466-4329-B65D-62CAC993D1FD}
		{213A0576-81FC-4183-8F3A-FC174F5A7483} = {88DE2250-D6FB-467A-AEEC-04091C9905BD}
		{22D27FE8-A277-44F9-822D-DE052527260D} = {88DE2250-D6FB-467A-AEEC-04091C9905BD}
		{BA436BB5-961E-482A-AA4B-F3593564486A} = {1AF22412-C466-4329-B65D-62CAC993D1FD}
		{D2524D88-C132-4024-B38A-0CF82755B6AC} = {1AF22412-C466-4329-B65D-62CAC993D1FD}
		{25299F4A-0A93-4182-AE0B-55F21320D1F6} = {88DE2250-D6FB-467A-AEEC-04091C9905BD}
		{A1AAFEF5-0452-4A48-B259-F9F33D98135B} = {88DE2250-D6FB-467A-AEEC-04091C9905BD}
		{88DE2250-D6FB-467A-AEEC-04091C9905BD} = {8B72BE44-0D54-4197-B613-E2BCFF5DE858}
		{1AF22412-C466-4329-B65D-62CAC993D1FD} = {C1468408-B6FC-4E23-854A-BBF453E4814F}
	EndGlobalSection
	GlobalSection(ExtensibilityGlobals) = postSolution
		SolutionGuid = {167565B1-25DA-4F02-BB59-C90CFF9903BC}
	EndGlobalSection
EndGlobal
